
Microsoft Visual Studio Solution File, Format Version 12.00
# Visual Studio Version 17
VisualStudioVersion = 17.8.34330.188
MinimumVisualStudioVersion = 10.0.40219.1
Project("{FAE04EC0-301F-11D3-BF4B-00C04F79EFBC}") = "BookStore", "BookStore.csproj", "{AB005B40-E4DA-4A39-A1D2-B911B3575BEF}"
EndProject
Global
	GlobalSection(SolutionConfigurationPlatforms) = preSolution
		Debug|Any CPU = Debug|Any CPU
		Release|Any CPU = Release|Any CPU
	EndGlobalSection
	GlobalSection(ProjectConfigurationPlatforms) = postSolution
		{AB005B40-E4DA-4A39-A1D2-B911B3575BEF}.Debug|Any CPU.ActiveCfg = Debug|Any CPU
		{AB005B40-E4DA-4A39-A1D2-B911B3575BEF}.Debug|Any CPU.Build.0 = Debug|Any CPU
		{AB005B40-E4DA-4A39-A1D2-B911B3575BEF}.Release|Any CPU.ActiveCfg = Release|Any CPU
		{AB005B40-E4DA-4A39-A1D2-B911B3575BEF}.Release|Any CPU.Build.0 = Release|Any CPU
	EndGlobalSection
	GlobalSection(SolutionProperties) = preSolution
		HideSolutionNode = FALSE
	EndGlobalSection
	GlobalSection(ExtensibilityGlobals) = postSolution
		SolutionGuid = {C995138F-8488-4D9E-B5C4-7E11534F0ADE}
	EndGlobalSection
EndGlobal
